
Microsoft Visual Studio Solution File, Format Version 12.00
# Visual Studio Version 16
VisualStudioVersion = 16.0.30011.22
MinimumVisualStudioVersion = 10.0.40219.1
Project("{FAE04EC0-301F-11D3-BF4B-00C04F79EFBC}") = "Foldersync", "Foldersync 2.0\Foldersync.csproj", "{75ED39E1-EC5B-44E7-A98C-E803A5841EDB}"
EndProject
Global
	GlobalSection(SolutionConfigurationPlatforms) = preSolution
		Debug|Any CPU = Debug|Any CPU
		Release|Any CPU = Release|Any CPU
	EndGlobalSection
	GlobalSection(ProjectConfigurationPlatforms) = postSolution
		{75ED39E1-EC5B-44E7-A98C-E803A5841EDB}.Debug|Any CPU.ActiveCfg = Debug|Any CPU
		{75ED39E1-EC5B-44E7-A98C-E803A5841EDB}.Debug|Any CPU.Build.0 = Debug|Any CPU
		{75ED39E1-EC5B-44E7-A98C-E803A5841EDB}.Release|Any CPU.ActiveCfg = Release|Any CPU
		{75ED39E1-EC5B-44E7-A98C-E803A5841EDB}.Release|Any CPU.Build.0 = Release|Any CPU
	EndGlobalSection
	GlobalSection(SolutionProperties) = preSolution
		HideSolutionNode = FALSE
	EndGlobalSection
	GlobalSection(ExtensibilityGlobals) = postSolution
		SolutionGuid = {44846B63-5F92-4A59-A3E1-6B4DE7F420E7}
	EndGlobalSection
EndGlobal
